
Microsoft Visual Studio Solution File, Format Version 12.00
# Visual Studio 15
VisualStudioVersion = 15.0.28307.329
MinimumVisualStudioVersion = 10.0.40219.1
Project("{FAE04EC0-301F-11D3-BF4B-00C04F79EFBC}") = "Nikolayuk04", "Nikolayuk04\Nikolayuk04.csproj", "{F851EA4C-F18E-4935-BAC1-8BDB40157350}"
EndProject
Global
	GlobalSection(SolutionConfigurationPlatforms) = preSolution
		Debug|Any CPU = Debug|Any CPU
		Release|Any CPU = Release|Any CPU
	EndGlobalSection
	GlobalSection(ProjectConfigurationPlatforms) = postSolution
		{F851EA4C-F18E-4935-BAC1-8BDB40157350}.Debug|Any CPU.ActiveCfg = Debug|Any CPU
		{F851EA4C-F18E-4935-BAC1-8BDB40157350}.Debug|Any CPU.Build.0 = Debug|Any CPU
		{F851EA4C-F18E-4935-BAC1-8BDB40157350}.Release|Any CPU.ActiveCfg = Release|Any CPU
		{F851EA4C-F18E-4935-BAC1-8BDB40157350}.Release|Any CPU.Build.0 = Release|Any CPU
	EndGlobalSection
	GlobalSection(SolutionProperties) = preSolution
		HideSolutionNode = FALSE
	EndGlobalSection
	GlobalSection(ExtensibilityGlobals) = postSolution
		SolutionGuid = {307F7EF0-B884-487F-8EC9-770089023C80}
	EndGlobalSection
EndGlobal
